github.com/u123456t/exercise/chef v0.0.0-20230717014235-36c11812e6e6 h1:pisMk06R/kvBboQY3FAvtXbFGGG8AGHpRrRbF+Zhwrg=
github.com/u123456t/exercise/chef v0.0.0-20230717014235-36c11812e6e6/go.mod h1:AuGoCJLYiCsaku1zPz98NK+IpKL8Qqswv9iUGui/4uY=
github.com/u123456t/exercise/order v0.0.0-20230717014235-36c11812e6e6 h1:ZwcykbBJf3om5p/GT/+qvHyhT8nRmkCmOSsWxrHrmeM=
github.com/u123456t/exercise/order v0.0.0-20230717014235-36c11812e6e6/go.mod h1:2Mw87e9nKgFykta5gEVXPQh2OmAhzpdVfX3hqo07Viw=
